
Microsoft Visual Studio Solution File, Format Version 12.00
# Visual Studio Version 17
VisualStudioVersion = 17.14.36518.9 d17.14
MinimumVisualStudioVersion = 10.0.40219.1
Project("{54A90642-561A-4BB1-A94E-469ADEE60C69}") = "payroll_web_app.client", "payroll_web_app.client\payroll_web_app.client.esproj", "{BF6F2873-98FB-192C-A8F7-CB00F88F4180}"
EndProject
Project("{FAE04EC0-301F-11D3-BF4B-00C04F79EFBC}") = "Payroll_Web_App.Server", "Payroll_Web_App.Server\Payroll_Web_App.Server.csproj", "{2022B5C5-892A-4673-A68E-BBDD2761EBDC}"
EndProject
Global
	GlobalSection(SolutionConfigurationPlatforms) = preSolution
		Debug|Any CPU = Debug|Any CPU
		Release|Any CPU = Release|Any CPU
	EndGlobalSection
	GlobalSection(ProjectConfigurationPlatforms) = postSolution
		{BF6F2873-98FB-192C-A8F7-CB00F88F4180}.Debug|Any CPU.ActiveCfg = Debug|Any CPU
		{BF6F2873-98FB-192C-A8F7-CB00F88F4180}.Debug|Any CPU.Build.0 = Debug|Any CPU
		{BF6F2873-98FB-192C-A8F7-CB00F88F4180}.Debug|Any CPU.Deploy.0 = Debug|Any CPU
		{BF6F2873-98FB-192C-A8F7-CB00F88F4180}.Release|Any CPU.ActiveCfg = Release|Any CPU
		{BF6F2873-98FB-192C-A8F7-CB00F88F4180}.Release|Any CPU.Build.0 = Release|Any CPU
		{BF6F2873-98FB-192C-A8F7-CB00F88F4180}.Release|Any CPU.Deploy.0 = Release|Any CPU
		{2022B5C5-892A-4673-A68E-BBDD2761EBDC}.Debug|Any CPU.ActiveCfg = Debug|Any CPU
		{2022B5C5-892A-4673-A68E-BBDD2761EBDC}.Debug|Any CPU.Build.0 = Debug|Any CPU
		{2022B5C5-892A-4673-A68E-BBDD2761EBDC}.Release|Any CPU.ActiveCfg = Release|Any CPU
		{2022B5C5-892A-4673-A68E-BBDD2761EBDC}.Release|Any CPU.Build.0 = Release|Any CPU
	EndGlobalSection
	GlobalSection(SolutionProperties) = preSolution
		HideSolutionNode = FALSE
	EndGlobalSection
	GlobalSection(ExtensibilityGlobals) = postSolution
		SolutionGuid = {1DCF029D-42CC-4AC4-B72B-583A79EB8CAF}
	EndGlobalSection
EndGlobal
